{
  "name": "mishwari-monorepo",
  "version": "0.0.1",
  "lockfileVersion": 3,
  "requires": true,
  "packages": {
    "apps/driver-web": {
      "name": "driver_panel",
      "version": "0.1.0",
      "extraneous": true,
      "dependencies": {
        "@date-io/moment": "^2.17.0",
        "@emotion/react": "^11.11.1",
        "@emotion/styled": "^11.11.0",
        "@headlessui/react": "^1.7.17",
        "@mishwari/api": "*",
        "@mishwari/features-auth": "*",
        "@mishwari/types": "*",
        "@mishwari/utils": "*",
        "@mui/material": "^5.14.18",
        "@mui/x-date-pickers": "^6.18.1",
        "@reduxjs/toolkit": "^1.9.7",
        "a": "^3.0.1",
        "axios": "^1.6.2",
        "date-fns": "^2.30.0",
        "dayjs": "^1.11.10",
        "moment": "^2.29.4",
        "moment-timezone": "^0.5.43",
        "next": "14.0.2",
        "next-redux-wrapper": "^8.1.0",
        "react": "^18",
        "react-dom": "^18",
        "react-redux": "^8.1.3",
        "react-toastify": "^9.1.3",
        "redux": "^4.2.1",
        "redux-persist": "^6.0.0",
        "redux-persist-transform-filter": "^0.0.22"
      },
      "devDependencies": {
        "@types/node": "^20",
        "@types/react": "^18",
        "@types/react-dom": "^18",
        "autoprefixer": "^10.0.1",
        "eslint": "^8",
        "eslint-config-next": "14.0.2",
        "postcss": "^8",
        "tailwindcss": "^3.3.0",
        "typescript": "^5"
      }
    },
    "apps/passenger-web": {
      "name": "@mishwari/passenger-web",
      "version": "0.1.0",
      "extraneous": true,
      "dependencies": {
        "@fortawesome/fontawesome-svg-core": "^6.4.2",
        "@fortawesome/free-brands-svg-icons": "^6.4.2",
        "@fortawesome/free-regular-svg-icons": "^6.4.2",
        "@fortawesome/free-solid-svg-icons": "^6.4.2",
        "@fortawesome/react-fontawesome": "^0.2.0",
        "@headlessui/react": "^1.7.17",
        "@heroicons/react": "^2.1.3",
        "@mishwari/api": "workspace:*",
        "@mishwari/features": "workspace:*",
        "@mishwari/types": "workspace:*",
        "@mishwari/utils": "workspace:*",
        "@nextui-org/react": "^2.1.13",
        "@reduxjs/toolkit": "^1.9.7",
        "@stripe/react-stripe-js": "^2.7.1",
        "@stripe/stripe-js": "^3.5.0",
        "axios": "^1.6.1",
        "date-fns": "^2.30.0",
        "framer-motion": "^10.18.0",
        "jwt-decode": "^4.0.0",
        "next": "13.5.4",
        "next-redux-wrapper": "^8.1.0",
        "react": "^18",
        "react-day-picker": "^8.8.2",
        "react-dom": "^18",
        "react-redux": "^8.1.3",
        "react-select": "^5.8.1",
        "react-toastify": "^9.1.3",
        "redux": "^4.2.1",
        "redux-persist": "^6.0.0",
        "redux-persist-transform-filter": "^0.0.22",
        "stripe": "^15.10.0",
        "swiper": "^10.3.1",
        "zod": "^3.23.8"
      },
      "devDependencies": {
        "@types/node": "^20",
        "@types/react": "^18",
        "@types/react-dom": "^18",
        "autoprefixer": "^10",
        "postcss": "^8",
        "tailwindcss": "^3.4.14",
        "typescript": "^5"
      }
    },
    "packages/api": {
      "name": "@mishwari/api",
      "version": "0.0.1",
      "extraneous": true,
      "dependencies": {
        "@mishwari/types": "*",
        "@mishwari/utils": "*",
        "axios": "^1.6.0"
      }
    },
    "packages/features/auth": {
      "name": "@mishwari/features-auth",
      "version": "0.0.1",
      "extraneous": true,
      "dependencies": {
        "@mishwari/api": "*",
        "@mishwari/types": "*",
        "@mishwari/utils": "*"
      },
      "peerDependencies": {
        "@reduxjs/toolkit": "^1.9.0 || ^2.0.0"
      }
    },
    "packages/features/profile": {
      "name": "@mishwari/features-profile",
      "version": "0.0.1",
      "extraneous": true,
      "dependencies": {
        "@mishwari/api": "*",
        "@mishwari/types": "*"
      }
    },
    "packages/types": {
      "name": "@mishwari/types",
      "version": "0.0.1",
      "extraneous": true,
      "dependencies": {
        "zod": "^3.22.0"
      }
    },
    "packages/utils": {
      "name": "@mishwari/utils",
      "version": "0.0.1",
      "extraneous": true
    }
  }
}
